
Microsoft Visual Studio Solution File, Format Version 12.00
# Visual Studio Version 16
VisualStudioVersion = 16.0.29519.181
MinimumVisualStudioVersion = 10.0.40219.1
Project("{FAE04EC0-301F-11D3-BF4B-00C04F79EFBC}") = "CreatingTextFile", "CreatingTextFile.csproj", "{2109D7BC-16AC-4060-B293-BD97924B3FD9}"
EndProject
Global
	GlobalSection(SolutionConfigurationPlatforms) = preSolution
		Debug|Any CPU = Debug|Any CPU
		Release|Any CPU = Release|Any CPU
	EndGlobalSection
	GlobalSection(ProjectConfigurationPlatforms) = postSolution
		{2109D7BC-16AC-4060-B293-BD97924B3FD9}.Debug|Any CPU.ActiveCfg = Debug|Any CPU
		{2109D7BC-16AC-4060-B293-BD97924B3FD9}.Debug|Any CPU.Build.0 = Debug|Any CPU
		{2109D7BC-16AC-4060-B293-BD97924B3FD9}.Release|Any CPU.ActiveCfg = Release|Any CPU
		{2109D7BC-16AC-4060-B293-BD97924B3FD9}.Release|Any CPU.Build.0 = Release|Any CPU
	EndGlobalSection
	GlobalSection(SolutionProperties) = preSolution
		HideSolutionNode = FALSE
	EndGlobalSection
	GlobalSection(ExtensibilityGlobals) = postSolution
		SolutionGuid = {06455631-64C3-4DF6-903E-30296979980C}
	EndGlobalSection
EndGlobal
